# This file is autogenerated, do not edit; changes may be undone by the next 'dep ensure'.


[[projects]]
  branch = "master"
  name = "golang.org/x/net"
  packages = [
    "context",
    "webdav",
    "webdav/internal/xml"
  ]
  revision = "db08ff08e8622530d9ed3a0e8ac279f6d4c02196"

[solve-meta]
  analyzer-name = "dep"
  analyzer-version = 1
  inputs-digest = "da852942bcbb1d4063a14d4ed28e18299413fc6b20ab00a7f0e7a4645ab16842"
  solver-name = "gps-cdcl"
  solver-version = 1
